// !$*UTF8*$!
{
	archiveVersion = 1;
	classes = {
	};
	objectVersion = 56;
	objects = {

/* Begin PBXBuildFile section */
		FD35A5452943C48F0050987D /* UpdateViewController.swift in Sources */ = {isa = PBXBuildFile; fileRef = FD35A5442943C48F0050987D /* UpdateViewController.swift */; };
		FD43FE532947833D007FBD40 /* SplashScreenViewController.swift in Sources */ = {isa = PBXBuildFile; fileRef = FD43FE522947833D007FBD40 /* SplashScreenViewController.swift */; };
		FD577A792943888B00141B93 /* TableViewCell.swift in Sources */ = {isa = PBXBuildFile; fileRef = FD577A782943888B00141B93 /* TableViewCell.swift */; };
		FD577A7B2943890A00141B93 /* TableViewController.swift in Sources */ = {isa = PBXBuildFile; fileRef = FD577A7A2943890A00141B93 /* TableViewController.swift */; };
		FDAF7EA12942696E009CFD5B /* AppDelegate.swift in Sources */ = {isa = PBXBuildFile; fileRef = FDAF7EA02942696E009CFD5B /* AppDelegate.swift */; };
		FDAF7EA32942696E009CFD5B /* SceneDelegate.swift in Sources */ = {isa = PBXBuildFile; fileRef = FDAF7EA22942696E009CFD5B /* SceneDelegate.swift */; };
		FDAF7EA52942696E009CFD5B /* ViewController.swift in Sources */ = {isa = PBXBuildFile; fileRef = FDAF7EA42942696E009CFD5B /* ViewController.swift */; };
		FDAF7EA82942696E009CFD5B /* Main.storyboard in Resources */ = {isa = PBXBuildFile; fileRef = FDAF7EA62942696E009CFD5B /* Main.storyboard */; };
		FDAF7EAA29426970009CFD5B /* Assets.xcassets in Resources */ = {isa = PBXBuildFile; fileRef = FDAF7EA929426970009CFD5B /* Assets.xcassets */; };
		FDAF7EAD29426970009CFD5B /* LaunchScreen.storyboard in Resources */ = {isa = PBXBuildFile; fileRef = FDAF7EAB29426970009CFD5B /* LaunchScreen.storyboard */; };
		FDAF7EB829426971009CFD5B /* FinalTestTests.swift in Sources */ = {isa = PBXBuildFile; fileRef = FDAF7EB729426971009CFD5B /* FinalTestTests.swift */; };
		FDAF7EC229426971009CFD5B /* FinalTestUITests.swift in Sources */ = {isa = PBXBuildFile; fileRef = FDAF7EC129426971009CFD5B /* FinalTestUITests.swift */; };
		FDAF7EC429426971009CFD5B /* FinalTestUITestsLaunchTests.swift in Sources */ = {isa = PBXBuildFile; fileRef = FDAF7EC329426971009CFD5B /* FinalTestUITestsLaunchTests.swift */; };
/* End PBXBuildFile section */

/* Begin PBXContainerItemProxy section */
		FDAF7EB429426971009CFD5B /* PBXContainerItemProxy */ = {
			isa = PBXContainerItemProxy;
			containerPortal = FDAF7E952942696E009CFD5B /* Project object */;
			proxyType = 1;
			remoteGlobalIDString = FDAF7E9C2942696E009CFD5B;
			remoteInfo = FinalTest;
		};
		FDAF7EBE29426971009CFD5B /* PBXContainerItemProxy */ = {
			isa = PBXContainerItemProxy;
			containerPortal = FDAF7E952942696E009CFD5B /* Project object */;
			proxyType = 1;
			remoteGlobalIDString = FDAF7E9C2942696E009CFD5B;
			remoteInfo = FinalTest;
		};
/* End PBXContainerItemProxy section */

/* Begin PBXFileReference section */
		FD35A5442943C48F0050987D /* UpdateViewController.swift */ = {isa = PBXFileReference; lastKnownFileType = sourcecode.swift; path = UpdateViewController.swift; sourceTree = "<group>"; };
		FD43FE522947833D007FBD40 /* SplashScreenViewController.swift */ = {isa = PBXFileReference; lastKnownFileType = sourcecode.swift; path = SplashScreenViewController.swift; sourceTree = "<group>"; };
		FD577A782943888B00141B93 /* TableViewCell.swift */ = {isa = PBXFileReference; lastKnownFileType = sourcecode.swift; path = TableViewCell.swift; sourceTree = "<group>"; };
		FD577A7A2943890A00141B93 /* TableViewController.swift */ = {isa = PBXFileReference; lastKnownFileType = sourcecode.swift; path = TableViewController.swift; sourceTree = "<group>"; };
		FDAF7E9D2942696E009CFD5B /* FinalTest.app */ = {isa = PBXFileReference; explicitFileType = wrapper.application; includeInIndex = 0; path = FinalTest.app; sourceTree = BUILT_PRODUCTS_DIR; };
		FDAF7EA02942696E009CFD5B /* AppDelegate.swift */ = {isa = PBXFileReference; lastKnownFileType = sourcecode.swift; path = AppDelegate.swift; sourceTree = "<group>"; };
		FDAF7EA22942696E009CFD5B /* SceneDelegate.swift */ = {isa = PBXFileReference; lastKnownFileType = sourcecode.swift; path = SceneDelegate.swift; sourceTree = "<group>"; };
		FDAF7EA42942696E009CFD5B /* ViewController.swift */ = {isa = PBXFileReference; lastKnownFileType = sourcecode.swift; path = ViewController.swift; sourceTree = "<group>"; };
		FDAF7EA72942696E009CFD5B /* Base */ = {isa = PBXFileReference; lastKnownFileType = file.storyboard; name = Base; path = Base.lproj/Main.storyboard; sourceTree = "<group>"; };
		FDAF7EA929426970009CFD5B /* Assets.xcassets */ = {isa = PBXFileReference; lastKnownFileType = folder.assetcatalog; path = Assets.xcassets; sourceTree = "<group>"; };
		FDAF7EAC29426970009CFD5B /* Base */ = {isa = PBXFileReference; lastKnownFileType = file.storyboard; name = Base; path = Base.lproj/LaunchScreen.storyboard; sourceTree = "<group>"; };
		FDAF7EAE29426970009CFD5B /* Info.plist */ = {isa = PBXFileReference; lastKnownFileType = text.plist.xml; path = Info.plist; sourceTree = "<group>"; };
		FDAF7EB329426971009CFD5B /* FinalTestTests.xctest */ = {isa = PBXFileReference; explicitFileType = wrapper.cfbundle; includeInIndex = 0; path = FinalTestTests.xctest; sourceTree = BUILT_PRODUCTS_DIR; };
		FDAF7EB729426971009CFD5B /* FinalTestTests.swift */ = {isa = PBXFileReference; lastKnownFileType = sourcecode.swift; path = FinalTestTests.swift; sourceTree = "<group>"; };
		FDAF7EBD29426971009CFD5B /* FinalTestUITests.xctest */ = {isa = PBXFileReference; explicitFileType = wrapper.cfbundle; includeInIndex = 0; path = FinalTestUITests.xctest; sourceTree = BUILT_PRODUCTS_DIR; };
		FDAF7EC129426971009CFD5B /* FinalTestUITests.swift */ = {isa = PBXFileReference; lastKnownFileType = sourcecode.swift; path = FinalTestUITests.swift; sourceTree = "<group>"; };
		FDAF7EC329426971009CFD5B /* FinalTestUITestsLaunchTests.swift */ = {isa = PBXFileReference; lastKnownFileType = sourcecode.swift; path = FinalTestUITestsLaunchTests.swift; sourceTree = "<group>"; };
/* End PBXFileReference section */

/* Begin PBXFrameworksBuildPhase section */
		FDAF7E9A2942696E009CFD5B /* Frameworks */ = {
			isa = PBXFrameworksBuildPhase;
			buildActionMask = 2147483647;
			files = (
			);
			runOnlyForDeploymentPostprocessing = 0;
		};
		FDAF7EB029426971009CFD5B /* Frameworks */ = {
			isa = PBXFrameworksBuildPhase;
			buildActionMask = 2147483647;
			files = (
			);
			runOnlyForDeploymentPostprocessing = 0;
		};
		FDAF7EBA29426971009CFD5B /* Frameworks */ = {
			isa = PBXFrameworksBuildPhase;
			buildActionMask = 2147483647;
			files = (
			);
			runOnlyForDeploymentPostprocessing = 0;
		};
/* End PBXFrameworksBuildPhase section */

/* Begin PBXGroup section */
		FDAF7E942942696E009CFD5B = {
			isa = PBXGroup;
			children = (
				FDAF7E9F2942696E009CFD5B /* FinalTest */,
				FDAF7EB629426971009CFD5B /* FinalTestTests */,
				FDAF7EC029426971009CFD5B /* FinalTestUITests */,
				FDAF7E9E2942696E009CFD5B /* Products */,
			);
			sourceTree = "<group>";
		};
		FDAF7E9E2942696E009CFD5B /* Products */ = {
			isa = PBXGroup;
			children = (
				FDAF7E9D2942696E009CFD5B /* FinalTest.app */,
				FDAF7EB329426971009CFD5B /* FinalTestTests.xctest */,
				FDAF7EBD29426971009CFD5B /* FinalTestUITests.xctest */,
			);
			name = Products;
			sourceTree = "<group>";
		};
		FDAF7E9F2942696E009CFD5B /* FinalTest */ = {
			isa = PBXGroup;
			children = (
				FDAF7EA02942696E009CFD5B /* AppDelegate.swift */,
				FDAF7EA22942696E009CFD5B /* SceneDelegate.swift */,
				FDAF7EA42942696E009CFD5B /* ViewController.swift */,
				FD577A7A2943890A00141B93 /* TableViewController.swift */,
				FD35A5442943C48F0050987D /* UpdateViewController.swift */,
				FD43FE522947833D007FBD40 /* SplashScreenViewController.swift */,
				FD577A782943888B00141B93 /* TableViewCell.swift */,
				FDAF7EA62942696E009CFD5B /* Main.storyboard */,
				FDAF7EA929426970009CFD5B /* Assets.xcassets */,
				FDAF7EAB29426970009CFD5B /* LaunchScreen.storyboard */,
				FDAF7EAE29426970009CFD5B /* Info.plist */,
			);
			path = FinalTest;
			sourceTree = "<group>";
		};
		FDAF7EB629426971009CFD5B /* FinalTestTests */ = {
			isa = PBXGroup;
			children = (
				FDAF7EB729426971009CFD5B /* FinalTestTests.swift */,
			);
			path = FinalTestTests;
			sourceTree = "<group>";
		};
		FDAF7EC029426971009CFD5B /* FinalTestUITests */ = {
			isa = PBXGroup;
			children = (
				FDAF7EC129426971009CFD5B /* FinalTestUITests.swift */,
				FDAF7EC329426971009CFD5B /* FinalTestUITestsLaunchTests.swift */,
			);
			path = FinalTestUITests;
			sourceTree = "<group>";
		};
/* End PBXGroup section */

/* Begin PBXNativeTarget section */
		FDAF7E9C2942696E009CFD5B /* FinalTest */ = {
			isa = PBXNativeTarget;
			buildConfigurationList = FDAF7EC729426971009CFD5B /* Build configuration list for PBXNativeTarget "FinalTest" */;
			buildPhases = (
				FDAF7E992942696E009CFD5B /* Sources */,
				FDAF7E9A2942696E009CFD5B /* Frameworks */,
				FDAF7E9B2942696E009CFD5B /* Resources */,
			);
			buildRules = (
			);
			dependencies = (
			);
			name = FinalTest;
			productName = FinalTest;
			productReference = FDAF7E9D2942696E009CFD5B /* FinalTest.app */;
			productType = "com.apple.product-type.application";
		};
		FDAF7EB229426971009CFD5B /* FinalTestTests */ = {
			isa = PBXNativeTarget;
			buildConfigurationList = FDAF7ECA29426971009CFD5B /* Build configuration list for PBXNativeTarget "FinalTestTests" */;
			buildPhases = (
				FDAF7EAF29426971009CFD5B /* Sources */,
				FDAF7EB029426971009CFD5B /* Frameworks */,
				FDAF7EB129426971009CFD5B /* Resources */,
			);
			buildRules = (
			);
			dependencies = (
				FDAF7EB529426971009CFD5B /* PBXTargetDependency */,
			);
			name = FinalTestTests;
			productName = FinalTestTests;
			productReference = FDAF7EB329426971009CFD5B /* FinalTestTests.xctest */;
			productType = "com.apple.product-type.bundle.unit-test";
		};
		FDAF7EBC29426971009CFD5B /* FinalTestUITests */ = {
			isa = PBXNativeTarget;
			buildConfigurationList = FDAF7ECD29426971009CFD5B /* Build configuration list for PBXNativeTarget "FinalTestUITests" */;
			buildPhases = (
				FDAF7EB929426971009CFD5B /* Sources */,
				FDAF7EBA29426971009CFD5B /* Frameworks */,
				FDAF7EBB29426971009CFD5B /* Resources */,
			);
			buildRules = (
			);
			dependencies = (
				FDAF7EBF29426971009CFD5B /* PBXTargetDependency */,
			);
			name = FinalTestUITests;
			productName = FinalTestUITests;
			productReference = FDAF7EBD29426971009CFD5B /* FinalTestUITests.xctest */;
			productType = "com.apple.product-type.bundle.ui-testing";
		};
/* End PBXNativeTarget section */

/* Begin PBXProject section */
		FDAF7E952942696E009CFD5B /* Project object */ = {
			isa = PBXProject;
			attributes = {
				BuildIndependentTargetsInParallel = 1;
				LastSwiftUpdateCheck = 1410;
				LastUpgradeCheck = 1410;
				TargetAttributes = {
					FDAF7E9C2942696E009CFD5B = {
						CreatedOnToolsVersion = 14.1;
					};
					FDAF7EB229426971009CFD5B = {
						CreatedOnToolsVersion = 14.1;
						TestTargetID = FDAF7E9C2942696E009CFD5B;
					};
					FDAF7EBC29426971009CFD5B = {
						CreatedOnToolsVersion = 14.1;
						TestTargetID = FDAF7E9C2942696E009CFD5B;
					};
				};
			};
			buildConfigurationList = FDAF7E982942696E009CFD5B /* Build configuration list for PBXProject "FinalTest" */;
			compatibilityVersion = "Xcode 14.0";
			developmentRegion = en;
			hasScannedForEncodings = 0;
			knownRegions = (
				en,
				Base,
			);
			mainGroup = FDAF7E942942696E009CFD5B;
			productRefGroup = FDAF7E9E2942696E009CFD5B /* Products */;
			projectDirPath = "";
			projectRoot = "";
			targets = (
				FDAF7E9C2942696E009CFD5B /* FinalTest */,
				FDAF7EB229426971009CFD5B /* FinalTestTests */,
				FDAF7EBC29426971009CFD5B /* FinalTestUITests */,
			);
		};
/* End PBXProject section */

/* Begin PBXResourcesBuildPhase section */
		FDAF7E9B2942696E009CFD5B /* Resources */ = {
			isa = PBXResourcesBuildPhase;
			buildActionMask = 2147483647;
			files = (
				FDAF7EAD29426970009CFD5B /* LaunchScreen.storyboard in Resources */,
				FDAF7EAA29426970009CFD5B /* Assets.xcassets in Resources */,
				FDAF7EA82942696E009CFD5B /* Main.storyboard in Resources */,
			);
			runOnlyForDeploymentPostprocessing = 0;
		};
		FDAF7EB129426971009CFD5B /* Resources */ = {
			isa = PBXResourcesBuildPhase;
			buildActionMask = 2147483647;
			files = (
			);
			runOnlyForDeploymentPostprocessing = 0;
		};
		FDAF7EBB29426971009CFD5B /* Resources */ = {
			isa = PBXResourcesBuildPhase;
			buildActionMask = 2147483647;
			files = (
			);
			runOnlyForDeploymentPostprocessing = 0;
		};
/* End PBXResourcesBuildPhase section */

/* Begin PBXSourcesBuildPhase section */
		FDAF7E992942696E009CFD5B /* Sources */ = {
			isa = PBXSourcesBuildPhase;
			buildActionMask = 2147483647;
			files = (
				FDAF7EA52942696E009CFD5B /* ViewController.swift in Sources */,
				FD577A792943888B00141B93 /* TableViewCell.swift in Sources */,
				FD43FE532947833D007FBD40 /* SplashScreenViewController.swift in Sources */,
				FDAF7EA12942696E009CFD5B /* AppDelegate.swift in Sources */,
				FD577A7B2943890A00141B93 /* TableViewController.swift in Sources */,
				FDAF7EA32942696E009CFD5B /* SceneDelegate.swift in Sources */,
				FD35A5452943C48F0050987D /* UpdateViewController.swift in Sources */,
			);
			runOnlyForDeploymentPostprocessing = 0;
		};
		FDAF7EAF29426971009CFD5B /* Sources */ = {
			isa = PBXSourcesBuildPhase;
			buildActionMask = 2147483647;
			files = (
				FDAF7EB829426971009CFD5B /* FinalTestTests.swift in Sources */,
			);
			runOnlyForDeploymentPostprocessing = 0;
		};
		FDAF7EB929426971009CFD5B /* Sources */ = {
			isa = PBXSourcesBuildPhase;
			buildActionMask = 2147483647;
			files = (
				FDAF7EC229426971009CFD5B /* FinalTestUITests.swift in Sources */,
				FDAF7EC429426971009CFD5B /* FinalTestUITestsLaunchTests.swift in Sources */,
			);
			runOnlyForDeploymentPostprocessing = 0;
		};
/* End PBXSourcesBuildPhase section */

/* Begin PBXTargetDependency section */
		FDAF7EB529426971009CFD5B /* PBXTargetDependency */ = {
			isa = PBXTargetDependency;
			target = FDAF7E9C2942696E009CFD5B /* FinalTest */;
			targetProxy = FDAF7EB429426971009CFD5B /* PBXContainerItemProxy */;
		};
		FDAF7EBF29426971009CFD5B /* PBXTargetDependency */ = {
			isa = PBXTargetDependency;
			target = FDAF7E9C2942696E009CFD5B /* FinalTest */;
			targetProxy = FDAF7EBE29426971009CFD5B /* PBXContainerItemProxy */;
		};
/* End PBXTargetDependency section */

/* Begin PBXVariantGroup section */
		FDAF7EA62942696E009CFD5B /* Main.storyboard */ = {
			isa = PBXVariantGroup;
			children = (
				FDAF7EA72942696E009CFD5B /* Base */,
			);
			name = Main.storyboard;
			sourceTree = "<group>";
		};
		FDAF7EAB29426970009CFD5B /* LaunchScreen.storyboard */ = {
			isa = PBXVariantGroup;
			children = (
				FDAF7EAC29426970009CFD5B /* Base */,
			);
			name = LaunchScreen.storyboard;
			sourceTree = "<group>";
		};
/* End PBXVariantGroup section */

/* Begin XCBuildConfiguration section */
		FDAF7EC529426971009CFD5B /* Debug */ = {
			isa = XCBuildConfiguration;
			buildSettings = {
				ALWAYS_SEARCH_USER_PATHS = NO;
				CLANG_ANALYZER_NONNULL = YES;
				CLANG_ANALYZER_NUMBER_OBJECT_CONVERSION = YES_AGGRESSIVE;
				CLANG_CXX_LANGUAGE_STANDARD = "gnu++20";
				CLANG_ENABLE_MODULES = YES;
				CLANG_ENABLE_OBJC_ARC = YES;
				CLANG_ENABLE_OBJC_WEAK = YES;
				CLANG_WARN_BLOCK_CAPTURE_AUTORELEASING = YES;
				CLANG_WARN_BOOL_CONVERSION = YES;
				CLANG_WARN_COMMA = YES;
				CLANG_WARN_CONSTANT_CONVERSION = YES;
				CLANG_WARN_DEPRECATED_OBJC_IMPLEMENTATIONS = YES;
				CLANG_WARN_DIRECT_OBJC_ISA_USAGE = YES_ERROR;
				CLANG_WARN_DOCUMENTATION_COMMENTS = YES;
				CLANG_WARN_EMPTY_BODY = YES;
				CLANG_WARN_ENUM_CONVERSION = YES;
				CLANG_WARN_INFINITE_RECURSION = YES;
				CLANG_WARN_INT_CONVERSION = YES;
				CLANG_WARN_NON_LITERAL_NULL_CONVERSION = YES;
				CLANG_WARN_OBJC_IMPLICIT_RETAIN_SELF = YES;
				CLANG_WARN_OBJC_LITERAL_CONVERSION = YES;
				CLANG_WARN_OBJC_ROOT_CLASS = YES_ERROR;
				CLANG_WARN_QUOTED_INCLUDE_IN_FRAMEWORK_HEADER = YES;
				CLANG_WARN_RANGE_LOOP_ANALYSIS = YES;
				CLANG_WARN_STRICT_PROTOTYPES = YES;
				CLANG_WARN_SUSPICIOUS_MOVE = YES;
				CLANG_WARN_UNGUARDED_AVAILABILITY = YES_AGGRESSIVE;
				CLANG_WARN_UNREACHABLE_CODE = YES;
				CLANG_WARN__DUPLICATE_METHOD_MATCH = YES;
				COPY_PHASE_STRIP = NO;
				DEBUG_INFORMATION_FORMAT = dwarf;
				ENABLE_STRICT_OBJC_MSGSEND = YES;
				ENABLE_TESTABILITY = YES;
				GCC_C_LANGUAGE_STANDARD = gnu11;
				GCC_DYNAMIC_NO_PIC = NO;
				GCC_NO_COMMON_BLOCKS = YES;
				GCC_OPTIMIZATION_LEVEL = 0;
				GCC_PREPROCESSOR_DEFINITIONS = (
					"DEBUG=1",
					"$(inherited)",
				);
				GCC_WARN_64_TO_32_BIT_CONVERSION = YES;
				GCC_WARN_ABOUT_RETURN_TYPE = YES_ERROR;
				GCC_WARN_UNDECLARED_SELECTOR = YES;
				GCC_WARN_UNINITIALIZED_AUTOS = YES_AGGRESSIVE;
				GCC_WARN_UNUSED_FUNCTION = YES;
				GCC_WARN_UNUSED_VARIABLE = YES;
				IPHONEOS_DEPLOYMENT_TARGET = 16.1;
				MTL_ENABLE_DEBUG_INFO = INCLUDE_SOURCE;
				MTL_FAST_MATH = YES;
				ONLY_ACTIVE_ARCH = YES;
				SDKROOT = iphoneos;
				SWIFT_ACTIVE_COMPILATION_CONDITIONS = DEBUG;
				SWIFT_OPTIMIZATION_LEVEL = "-Onone";
			};
			name = Debug;
		};
		FDAF7EC629426971009CFD5B /* Release */ = {
			isa = XCBuildConfiguration;
			buildSettings = {
				ALWAYS_SEARCH_USER_PATHS = NO;
				CLANG_ANALYZER_NONNULL = YES;
				CLANG_ANALYZER_NUMBER_OBJECT_CONVERSION = YES_AGGRESSIVE;
				CLANG_CXX_LANGUAGE_STANDARD = "gnu++20";
				CLANG_ENABLE_MODULES = YES;
				CLANG_ENABLE_OBJC_ARC = YES;
				CLANG_ENABLE_OBJC_WEAK = YES;
				CLANG_WARN_BLOCK_CAPTURE_AUTORELEASING = YES;
				CLANG_WARN_BOOL_CONVERSION = YES;
				CLANG_WARN_COMMA = YES;
				CLANG_WARN_CONSTANT_CONVERSION = YES;
				CLANG_WARN_DEPRECATED_OBJC_IMPLEMENTATIONS = YES;
				CLANG_WARN_DIRECT_OBJC_ISA_USAGE = YES_ERROR;
				CLANG_WARN_DOCUMENTATION_COMMENTS = YES;
				CLANG_WARN_EMPTY_BODY = YES;
				CLANG_WARN_ENUM_CONVERSION = YES;
				CLANG_WARN_INFINITE_RECURSION = YES;
				CLANG_WARN_INT_CONVERSION = YES;
				CLANG_WARN_NON_LITERAL_NULL_CONVERSION = YES;
				CLANG_WARN_OBJC_IMPLICIT_RETAIN_SELF = YES;
				CLANG_WARN_OBJC_LITERAL_CONVERSION = YES;
				CLANG_WARN_OBJC_ROOT_CLASS = YES_ERROR;
				CLANG_WARN_QUOTED_INCLUDE_IN_FRAMEWORK_HEADER = YES;
				CLANG_WARN_RANGE_LOOP_ANALYSIS = YES;
				CLANG_WARN_STRICT_PROTOTYPES = YES;
				CLANG_WARN_SUSPICIOUS_MOVE = YES;
				CLANG_WARN_UNGUARDED_AVAILABILITY = YES_AGGRESSIVE;
				CLANG_WARN_UNREACHABLE_CODE = YES;
				CLANG_WARN__DUPLICATE_METHOD_MATCH = YES;
				COPY_PHASE_STRIP = NO;
				DEBUG_INFORMATION_FORMAT = "dwarf-with-dsym";
				ENABLE_NS_ASSERTIONS = NO;
				ENABLE_STRICT_OBJC_MSGSEND = YES;
				GCC_C_LANGUAGE_STANDARD = gnu11;
				GCC_NO_COMMON_BLOCKS = YES;
				GCC_WARN_64_TO_32_BIT_CONVERSION = YES;
				GCC_WARN_ABOUT_RETURN_TYPE = YES_ERROR;
				GCC_WARN_UNDECLARED_SELECTOR = YES;
				GCC_WARN_UNINITIALIZED_AUTOS = YES_AGGRESSIVE;
				GCC_WARN_UNUSED_FUNCTION = YES;
				GCC_WARN_UNUSED_VARIABLE = YES;
				IPHONEOS_DEPLOYMENT_TARGET = 16.1;
				MTL_ENABLE_DEBUG_INFO = NO;
				MTL_FAST_MATH = YES;
				SDKROOT = iphoneos;
				SWIFT_COMPILATION_MODE = wholemodule;
				SWIFT_OPTIMIZATION_LEVEL = "-O";
				VALIDATE_PRODUCT = YES;
			};
			name = Release;
		};
		FDAF7EC829426971009CFD5B /* Debug */ = {
			isa = XCBuildConfiguration;
			buildSettings = {
				ASSETCATALOG_COMPILER_APPICON_NAME = AppIcon;
				ASSETCATALOG_COMPILER_GLOBAL_ACCENT_COLOR_NAME = AccentColor;
				CODE_SIGN_STYLE = Automatic;
				CURRENT_PROJECT_VERSION = 1;
				GENERATE_INFOPLIST_FILE = YES;
				INFOPLIST_FILE = FinalTest/Info.plist;
				INFOPLIST_KEY_UIApplicationSupportsIndirectInputEvents = YES;
				INFOPLIST_KEY_UILaunchStoryboardName = LaunchScreen;
				INFOPLIST_KEY_UIMainStoryboardFile = Main;
				INFOPLIST_KEY_UISupportedInterfaceOrientations_iPad = "UIInterfaceOrientationPortrait UIInterfaceOrientationPortraitUpsideDown UIInterfaceOrientationLandscapeLeft UIInterfaceOrientationLandscapeRight";
				INFOPLIST_KEY_UISupportedInterfaceOrientations_iPhone = "UIInterfaceOrientationPortrait UIInterfaceOrientationLandscapeLeft UIInterfaceOrientationLandscapeRight";
				IPHONEOS_DEPLOYMENT_TARGET = 16.0;
				LD_RUNPATH_SEARCH_PATHS = (
					"$(inherited)",
					"@executable_path/Frameworks",
				);
				MARKETING_VERSION = 1.0;
				PRODUCT_BUNDLE_IDENTIFIER = com.test.FinalTest;
				PRODUCT_NAME = "$(TARGET_NAME)";
				SWIFT_EMIT_LOC_STRINGS = YES;
				SWIFT_VERSION = 5.0;
				TARGETED_DEVICE_FAMILY = "1,2";
			};
			name = Debug;
		};
		FDAF7EC929426971009CFD5B /* Release */ = {
			isa = XCBuildConfiguration;
			buildSettings = {
				ASSETCATALOG_COMPILER_APPICON_NAME = AppIcon;
				ASSETCATALOG_COMPILER_GLOBAL_ACCENT_COLOR_NAME = AccentColor;
				CODE_SIGN_STYLE = Automatic;
				CURRENT_PROJECT_VERSION = 1;
				GENERATE_INFOPLIST_FILE = YES;
				INFOPLIST_FILE = FinalTest/Info.plist;
				INFOPLIST_KEY_UIApplicationSupportsIndirectInputEvents = YES;
				INFOPLIST_KEY_UILaunchStoryboardName = LaunchScreen;
				INFOPLIST_KEY_UIMainStoryboardFile = Main;
				INFOPLIST_KEY_UISupportedInterfaceOrientations_iPad = "UIInterfaceOrientationPortrait UIInterfaceOrientationPortraitUpsideDown UIInterfaceOrientationLandscapeLeft UIInterfaceOrientationLandscapeRight";
				INFOPLIST_KEY_UISupportedInterfaceOrientations_iPhone = "UIInterfaceOrientationPortrait UIInterfaceOrientationLandscapeLeft UIInterfaceOrientationLandscapeRight";
				IPHONEOS_DEPLOYMENT_TARGET = 16.0;
				LD_RUNPATH_SEARCH_PATHS = (
					"$(inherited)",
					"@executable_path/Frameworks",
				);
				MARKETING_VERSION = 1.0;
				PRODUCT_BUNDLE_IDENTIFIER = com.test.FinalTest;
				PRODUCT_NAME = "$(TARGET_NAME)";
				SWIFT_EMIT_LOC_STRINGS = YES;
				SWIFT_VERSION = 5.0;
				TARGETED_DEVICE_FAMILY = "1,2";
			};
			name = Release;
		};
		FDAF7ECB29426971009CFD5B /* Debug */ = {
			isa = XCBuildConfiguration;
			buildSettings = {
				ALWAYS_EMBED_SWIFT_STANDARD_LIBRARIES = YES;
				BUNDLE_LOADER = "$(TEST_HOST)";
				CODE_SIGN_STYLE = Automatic;
				CURRENT_PROJECT_VERSION = 1;
				GENERATE_INFOPLIST_FILE = YES;
				IPHONEOS_DEPLOYMENT_TARGET = 16.1;
				MARKETING_VERSION = 1.0;
				PRODUCT_BUNDLE_IDENTIFIER = com.test.FinalTestTests;
				PRODUCT_NAME = "$(TARGET_NAME)";
				SWIFT_EMIT_LOC_STRINGS = NO;
				SWIFT_VERSION = 5.0;
				TARGETED_DEVICE_FAMILY = "1,2";
				TEST_HOST = "$(BUILT_PRODUCTS_DIR)/FinalTest.app/$(BUNDLE_EXECUTABLE_FOLDER_PATH)/FinalTest";
			};
			name = Debug;
		};
		FDAF7ECC29426971009CFD5B /* Release */ = {
			isa = XCBuildConfiguration;
			buildSettings = {
				ALWAYS_EMBED_SWIFT_STANDARD_LIBRARIES = YES;
				BUNDLE_LOADER = "$(TEST_HOST)";
				CODE_SIGN_STYLE = Automatic;
				CURRENT_PROJECT_VERSION = 1;
				GENERATE_INFOPLIST_FILE = YES;
				IPHONEOS_DEPLOYMENT_TARGET = 16.1;
				MARKETING_VERSION = 1.0;
				PRODUCT_BUNDLE_IDENTIFIER = com.test.FinalTestTests;
				PRODUCT_NAME = "$(TARGET_NAME)";
				SWIFT_EMIT_LOC_STRINGS = NO;
				SWIFT_VERSION = 5.0;
				TARGETED_DEVICE_FAMILY = "1,2";
				TEST_HOST = "$(BUILT_PRODUCTS_DIR)/FinalTest.app/$(BUNDLE_EXECUTABLE_FOLDER_PATH)/FinalTest";
			};
			name = Release;
		};
		FDAF7ECE29426971009CFD5B /* Debug */ = {
			isa = XCBuildConfiguration;
			buildSettings = {
				ALWAYS_EMBED_SWIFT_STANDARD_LIBRARIES = YES;
				CODE_SIGN_STYLE = Automatic;
				CURRENT_PROJECT_VERSION = 1;
				GENERATE_INFOPLIST_FILE = YES;
				MARKETING_VERSION = 1.0;
				PRODUCT_BUNDLE_IDENTIFIER = com.test.FinalTestUITests;
				PRODUCT_NAME = "$(TARGET_NAME)";
				SWIFT_EMIT_LOC_STRINGS = NO;
				SWIFT_VERSION = 5.0;
				TARGETED_DEVICE_FAMILY = "1,2";
				TEST_TARGET_NAME = FinalTest;
			};
			name = Debug;
		};
		FDAF7ECF29426971009CFD5B /* Release */ = {
			isa = XCBuildConfiguration;
			buildSettings = {
				ALWAYS_EMBED_SWIFT_STANDARD_LIBRARIES = YES;
				CODE_SIGN_STYLE = Automatic;
				CURRENT_PROJECT_VERSION = 1;
				GENERATE_INFOPLIST_FILE = YES;
				MARKETING_VERSION = 1.0;
				PRODUCT_BUNDLE_IDENTIFIER = com.test.FinalTestUITests;
				PRODUCT_NAME = "$(TARGET_NAME)";
				SWIFT_EMIT_LOC_STRINGS = NO;
				SWIFT_VERSION = 5.0;
				TARGETED_DEVICE_FAMILY = "1,2";
				TEST_TARGET_NAME = FinalTest;
			};
			name = Release;
		};
/* End XCBuildConfiguration section */

/* Begin XCConfigurationList section */
		FDAF7E982942696E009CFD5B /* Build configuration list for PBXProject "FinalTest" */ = {
			isa = XCConfigurationList;
			buildConfigurations = (
				FDAF7EC529426971009CFD5B /* Debug */,
				FDAF7EC629426971009CFD5B /* Release */,
			);
			defaultConfigurationIsVisible = 0;
			defaultConfigurationName = Release;
		};
		FDAF7EC729426971009CFD5B /* Build configuration list for PBXNativeTarget "FinalTest" */ = {
			isa = XCConfigurationList;
			buildConfigurations = (
				FDAF7EC829426971009CFD5B /* Debug */,
				FDAF7EC929426971009CFD5B /* Release */,
			);
			defaultConfigurationIsVisible = 0;
			defaultConfigurationName = Release;
		};
		FDAF7ECA29426971009CFD5B /* Build configuration list for PBXNativeTarget "FinalTestTests" */ = {
			isa = XCConfigurationList;
			buildConfigurations = (
				FDAF7ECB29426971009CFD5B /* Debug */,
				FDAF7ECC29426971009CFD5B /* Release */,
			);
			defaultConfigurationIsVisible = 0;
			defaultConfigurationName = Release;
		};
		FDAF7ECD29426971009CFD5B /* Build configuration list for PBXNativeTarget "FinalTestUITests" */ = {
			isa = XCConfigurationList;
			buildConfigurations = (
				FDAF7ECE29426971009CFD5B /* Debug */,
				FDAF7ECF29426971009CFD5B /* Release */,
			);
			defaultConfigurationIsVisible = 0;
			defaultConfigurationName = Release;
		};
/* End XCConfigurationList section */
	};
	rootObject = FDAF7E952942696E009CFD5B /* Project object */;
}
